
Microsoft Visual Studio Solution File, Format Version 12.00
# Visual Studio Version 17
VisualStudioVersion = 17.1.32319.34
MinimumVisualStudioVersion = 10.0.40219.1
Project("{9A19103F-16F7-4668-BE54-9A1E7A4F7556}") = "Concierge", "Concierge\Concierge.csproj", "{D04C1573-3039-4C41-A76F-6B30C0DBB1F9}"
EndProject
Project("{2150E333-8FDC-42A3-9474-1A3956D46DE8}") = "Solution Items", "Solution Items", "{5FE4C2DD-579A-4597-8259-6EFA2FFEDBD4}"
	ProjectSection(SolutionItems) = preProject
		.editorconfig = .editorconfig
		README.md = README.md
		stylecop.json = stylecop.json
	EndProjectSection
EndProject
Project("{54435603-DBB4-11D2-8724-00A0C9A8B90C}") = "Concierge.Installer", "Concierge.Installer\ConciergeInstaller.vdproj", "{53DD5690-EB1B-486E-A66F-EE52B5EC9CCC}"
EndProject
Project("{9A19103F-16F7-4668-BE54-9A1E7A4F7556}") = "Concierge.Dev", "Concierge.Dev\Concierge.Dev.csproj", "{6073B770-C372-4354-8136-B81A31CC9725}"
EndProject
Project("{9A19103F-16F7-4668-BE54-9A1E7A4F7556}") = "Concierge.Common", "Concierge.Common\Concierge.Common.csproj", "{23C970C2-319D-4001-9944-700C896245B5}"
EndProject
Project("{9A19103F-16F7-4668-BE54-9A1E7A4F7556}") = "Concierge.Tools", "Concierge.Tools\Concierge.Tools.csproj", "{53A7812F-3FC5-40FC-B797-ADFA03AE6A86}"
EndProject
Project("{9A19103F-16F7-4668-BE54-9A1E7A4F7556}") = "Concierge.Logging", "Concierge.Logging\Concierge.Logging.csproj", "{E81BE159-0670-4214-B070-71D1598AD668}"
EndProject
Project("{9A19103F-16F7-4668-BE54-9A1E7A4F7556}") = "Concierge.Data", "Concierge.Data\Concierge.Data.csproj", "{23DF0005-25A0-4C45-82A1-C7C22DD5D945}"
EndProject
Project("{9A19103F-16F7-4668-BE54-9A1E7A4F7556}") = "Concierge.Configuration", "Concierge.Configuration\Concierge.Configuration.csproj", "{5B9A3541-4AD6-4A22-B2A7-5AD27B3CEB6E}"
EndProject
Project("{9A19103F-16F7-4668-BE54-9A1E7A4F7556}") = "Concierge.Persistence", "Concierge.Persistence\Concierge.Persistence.csproj", "{AED56ED7-93AB-469F-85C9-0BF67DBE5C28}"
EndProject
Project("{FAE04EC0-301F-11D3-BF4B-00C04F79EFBC}") = "Concierge.Character", "Concierge.Character\Concierge.Character.csproj", "{A64BF7D0-EFBD-4E41-85A9-CC66D8F9A591}"
EndProject
Global
	GlobalSection(SolutionConfigurationPlatforms) = preSolution
		Debug|Any CPU = Debug|Any CPU
		Release|Any CPU = Release|Any CPU
	EndGlobalSection
	GlobalSection(ProjectConfigurationPlatforms) = postSolution
		{D04C1573-3039-4C41-A76F-6B30C0DBB1F9}.Debug|Any CPU.ActiveCfg = Debug|Any CPU
		{D04C1573-3039-4C41-A76F-6B30C0DBB1F9}.Debug|Any CPU.Build.0 = Debug|Any CPU
		{D04C1573-3039-4C41-A76F-6B30C0DBB1F9}.Release|Any CPU.ActiveCfg = Release|Any CPU
		{D04C1573-3039-4C41-A76F-6B30C0DBB1F9}.Release|Any CPU.Build.0 = Release|Any CPU
		{53DD5690-EB1B-486E-A66F-EE52B5EC9CCC}.Debug|Any CPU.ActiveCfg = Debug
		{53DD5690-EB1B-486E-A66F-EE52B5EC9CCC}.Release|Any CPU.ActiveCfg = Release
		{6073B770-C372-4354-8136-B81A31CC9725}.Debug|Any CPU.ActiveCfg = Debug|Any CPU
		{6073B770-C372-4354-8136-B81A31CC9725}.Debug|Any CPU.Build.0 = Debug|Any CPU
		{6073B770-C372-4354-8136-B81A31CC9725}.Release|Any CPU.ActiveCfg = Release|Any CPU
		{6073B770-C372-4354-8136-B81A31CC9725}.Release|Any CPU.Build.0 = Release|Any CPU
		{23C970C2-319D-4001-9944-700C896245B5}.Debug|Any CPU.ActiveCfg = Debug|Any CPU
		{23C970C2-319D-4001-9944-700C896245B5}.Debug|Any CPU.Build.0 = Debug|Any CPU
		{23C970C2-319D-4001-9944-700C896245B5}.Release|Any CPU.ActiveCfg = Release|Any CPU
		{23C970C2-319D-4001-9944-700C896245B5}.Release|Any CPU.Build.0 = Release|Any CPU
		{53A7812F-3FC5-40FC-B797-ADFA03AE6A86}.Debug|Any CPU.ActiveCfg = Debug|Any CPU
		{53A7812F-3FC5-40FC-B797-ADFA03AE6A86}.Debug|Any CPU.Build.0 = Debug|Any CPU
		{53A7812F-3FC5-40FC-B797-ADFA03AE6A86}.Release|Any CPU.ActiveCfg = Release|Any CPU
		{53A7812F-3FC5-40FC-B797-ADFA03AE6A86}.Release|Any CPU.Build.0 = Release|Any CPU
		{E81BE159-0670-4214-B070-71D1598AD668}.Debug|Any CPU.ActiveCfg = Debug|Any CPU
		{E81BE159-0670-4214-B070-71D1598AD668}.Debug|Any CPU.Build.0 = Debug|Any CPU
		{E81BE159-0670-4214-B070-71D1598AD668}.Release|Any CPU.ActiveCfg = Release|Any CPU
		{E81BE159-0670-4214-B070-71D1598AD668}.Release|Any CPU.Build.0 = Release|Any CPU
		{23DF0005-25A0-4C45-82A1-C7C22DD5D945}.Debug|Any CPU.ActiveCfg = Debug|Any CPU
		{23DF0005-25A0-4C45-82A1-C7C22DD5D945}.Debug|Any CPU.Build.0 = Debug|Any CPU
		{23DF0005-25A0-4C45-82A1-C7C22DD5D945}.Release|Any CPU.ActiveCfg = Release|Any CPU
		{23DF0005-25A0-4C45-82A1-C7C22DD5D945}.Release|Any CPU.Build.0 = Release|Any CPU
		{5B9A3541-4AD6-4A22-B2A7-5AD27B3CEB6E}.Debug|Any CPU.ActiveCfg = Debug|Any CPU
		{5B9A3541-4AD6-4A22-B2A7-5AD27B3CEB6E}.Debug|Any CPU.Build.0 = Debug|Any CPU
		{5B9A3541-4AD6-4A22-B2A7-5AD27B3CEB6E}.Release|Any CPU.ActiveCfg = Release|Any CPU
		{5B9A3541-4AD6-4A22-B2A7-5AD27B3CEB6E}.Release|Any CPU.Build.0 = Release|Any CPU
		{AED56ED7-93AB-469F-85C9-0BF67DBE5C28}.Debug|Any CPU.ActiveCfg = Debug|Any CPU
		{AED56ED7-93AB-469F-85C9-0BF67DBE5C28}.Debug|Any CPU.Build.0 = Debug|Any CPU
		{AED56ED7-93AB-469F-85C9-0BF67DBE5C28}.Release|Any CPU.ActiveCfg = Release|Any CPU
		{AED56ED7-93AB-469F-85C9-0BF67DBE5C28}.Release|Any CPU.Build.0 = Release|Any CPU
		{A64BF7D0-EFBD-4E41-85A9-CC66D8F9A591}.Debug|Any CPU.ActiveCfg = Debug|Any CPU
		{A64BF7D0-EFBD-4E41-85A9-CC66D8F9A591}.Debug|Any CPU.Build.0 = Debug|Any CPU
		{A64BF7D0-EFBD-4E41-85A9-CC66D8F9A591}.Release|Any CPU.ActiveCfg = Release|Any CPU
		{A64BF7D0-EFBD-4E41-85A9-CC66D8F9A591}.Release|Any CPU.Build.0 = Release|Any CPU
	EndGlobalSection
	GlobalSection(SolutionProperties) = preSolution
		HideSolutionNode = FALSE
	EndGlobalSection
	GlobalSection(ExtensibilityGlobals) = postSolution
		SolutionGuid = {39DB6D5B-6479-4974-A0C9-01AB650F3A2A}
	EndGlobalSection
EndGlobal
